github.com/allegro/bigcache/v3 v3.1.1-0.20240222131551-901589e4644b h1:1+WfnfjMtmNFvZohd6NvMP8QB5q4KjGw4kNtLt9yXVM=
github.com/allegro/bigcache/v3 v3.1.1-0.20240222131551-901589e4644b/go.mod h1:aPyh7jEvrog9zAwx5N7+JUQX5dZTSGpxF1LAR4dr35I=
github.com/davecgh/go-spew v1.1.0/go.mod h1:J7Y8YcW2NihsgmVo/mv3lAwl/skON4iLHjSsI+c5H38=
github.com/davecgh/go-spew v1.1.1 h1:vj9j/u1bqnvCEfJOwUhtlOARqs3+rkHYY13jYWTU97c=
github.com/davecgh/go-spew v1.1.1/go.mod h1:J7Y8YcW2NihsgmVo/mv3lAwl/skON4iLHjSsI+c5H38=
github.com/dustin/go-humanize v1.0.1 h1:GzkhY7T5VNhEkwH0PVJgjz+fX1rhBrR7pRT3mDkpeCY=
github.com/dustin/go-humanize v1.0.1/go.mod h1:Mu1zIs6XwVuF/gI1OepvI0qD18qycQx+mFykh5fBlto=
github.com/pmezard/go-difflib v1.0.0 h1:4DBwDE0NGyQoBHbLQYPwSUPoCMWR5BEzIk/f1lZbAQM=
github.com/pmezard/go-difflib v1.0.0/go.mod h1:iKH77koFhYxTK1pcRnkKkqfTogsbg7gZNVY4sRDYZ/4=
github.com/sirupsen/logrus v1.9.3 h1:dueUQJ1C2q9oE3F7wvmSGAaVtTmUizReu6fjN8uqzbQ=
github.com/sirupsen/logrus v1.9.3/go.mod h1:naHLuLoDiP4jHNo9R0sCBMtWGeIprob74mVsIT4qYEQ=
github.com/stretchr/objx v0.1.0/go.mod h1:HFkY916IF+rwdDfMAkV7OtwuqBVzrE8GR6GFx+wExME=
github.com/stretchr/testify v1.7.0 h1:nwc3DEeHmmLAfoZucVR881uASk0Mfjw8xYJ99tb5CcY=
github.com/stretchr/testify v1.7.0/go.mod h1:6Fq8oRcR53rry900zMqJjRRixrwX3KX962/h/Wwjteg=
github.com/xyproto/binary v1.3.3 h1:pc33rqTXguiedvsH5nhx4P1Ph7iHb7awqhDscTOTHv4=
github.com/xyproto/binary v1.3.3/go.mod h1:0bRi3JImoPWOFfM7yPYzNVyLZXYGQTBwdNRPs4m3+qQ=
github.com/xyproto/env/v2 v2.5.3 h1:H/Fd1OAld+sPQrPKpAEkfwF3xn7eZiFys2QeH7c7oFE=
github.com/xyproto/env/v2 v2.5.3/go.mod h1:F81ZEzu15s3TWUZJ1uzBl9iNeq9zcfHvxMkQJaLZUl0=
github.com/xyproto/files v1.9.0 h1:nbSLLEhVTcuN/1qZ17BcNogiVsFnfU+apr3R5XpAv7s=
github.com/xyproto/files v1.9.0/go.mod h1:johy1UtusLfkGuQ98zGJIHkQ1hWPUre5GHQ0GrUzKnk=
github.com/xyproto/ollamaclient/v2 v2.7.1 h1:kYel2Ye2ZfnzG+trjlImq4Hmoeupb5+nfYYDDVVQ4sk=
github.com/xyproto/ollamaclient/v2 v2.7.1/go.mod h1:493pxyifwu57ifEg8DK45cw9aZuzvewXc/mReBlVI2o=
github.com/xyproto/usermodel v1.2.2 h1:jfLmh65PGabdHR7mUR6fUGSax/joDOfai/Gr4VV3jtc=
github.com/xyproto/usermodel v1.2.2/go.mod h1:Yq23gofv51bjTujYYnAH3fpvWD+ENa3fdIA+ahfU/B4=
golang.org/x/sys v0.0.0-20220715151400-c0bba94af5f8/go.mod h1:oPkhp1MJrh7nUepCBck5+mAzfO9JrbApNNgaTdGDITg=
golang.org/x/sys v0.29.0 h1:TPYlXGxvx1MGTn2GiZDhnjPA9wZzZeGKHHmKhHYvgaU=
golang.org/x/sys v0.29.0/go.mod h1:/VUhepiaJMQUp4+oa/7Zr1D23ma6VTLIYjOOTFZPUcA=
gopkg.in/check.v1 v0.0.0-20161208181325-20d25e280405/go.mod h1:Co6ibVJAznAaIkqp8huTwlJQCZ016jof/cbN4VW5Yz0=
gopkg.in/yaml.v3 v3.0.0-20200313102051-9f266ea9e77c h1:dUUwHk2QECo/6vqA44rthZ8ie2QXMNeKRTHCNY2nXvo=
gopkg.in/yaml.v3 v3.0.0-20200313102051-9f266ea9e77c/go.mod h1:K4uyk7z7BCEPqu6E+C64Yfv1cQ7kz7rIZviUmN+EgEM=
